
Microsoft Visual Studio Solution File, Format Version 12.00
# Visual Studio Version 16
VisualStudioVersion = 16.0.31112.23
MinimumVisualStudioVersion = 10.0.40219.1
Project("{2150E333-8FDC-42A3-9474-1A3956D46DE8}") = "BuinsessLogic", "BuinsessLogic", "{59E3A219-C8B1-496D-B58D-CF5A0DA144A8}"
EndProject
Project("{2150E333-8FDC-42A3-9474-1A3956D46DE8}") = "Api", "Api", "{8C3E893F-C194-41DB-953D-5D70131084CE}"
EndProject
Project("{9A19103F-16F7-4668-BE54-9A1E7A4F7556}") = "TicTac.WebApi", "TicTac.WebApi\TicTac.WebApi.csproj", "{170A5A39-EE55-463B-9587-281DC05DA61E}"
EndProject
Project("{9A19103F-16F7-4668-BE54-9A1E7A4F7556}") = "TicTac.WebApi.Clients", "TicTac.WebApi.Clients\TicTac.WebApi.Clients.csproj", "{B7ACAB26-3A1A-43BF-A190-6A8A53DCF9E8}"
EndProject
Project("{2150E333-8FDC-42A3-9474-1A3956D46DE8}") = "Common", "Common", "{0D4B0829-9B8F-4572-BCA6-926595F75B95}"
EndProject
Project("{9A19103F-16F7-4668-BE54-9A1E7A4F7556}") = "TicTac.Domain", "TicTac.Domain\TicTac.Domain.csproj", "{C6D65CB5-82F1-4BFA-95E1-A9DC562DE5F5}"
EndProject
Project("{9A19103F-16F7-4668-BE54-9A1E7A4F7556}") = "TicTac.Interfaces", "TicTac.Interfaces\TicTac.Interfaces.csproj", "{97180B56-FA0C-43E1-9C47-45C1886968ED}"
EndProject
Project("{2150E333-8FDC-42A3-9474-1A3956D46DE8}") = "UI", "UI", "{9C946D3D-2B2D-49F0-8B95-B56CFEE3AD67}"
EndProject
Project("{9A19103F-16F7-4668-BE54-9A1E7A4F7556}") = "TicTac.ConsoleApp", "TicTac.ConsoleApp\TicTac.ConsoleApp.csproj", "{AB80CA9C-D62B-4560-AFCA-0BC29BD0DB45}"
EndProject
Project("{FAE04EC0-301F-11D3-BF4B-00C04F79EFBC}") = "TicTac.Infrastructure", "TicTac.Infrastructure\TicTac.Infrastructure.csproj", "{BF85F5ED-4B3A-4D6C-9E70-0AAD42B8CDE0}"
EndProject
Project("{2150E333-8FDC-42A3-9474-1A3956D46DE8}") = "DataAccess", "DataAccess", "{A0090D77-435B-4D49-A950-CBF323F4CB6C}"
EndProject
Project("{FAE04EC0-301F-11D3-BF4B-00C04F79EFBC}") = "TicTac.DAL", "TicTac.DAL\TicTac.DAL.csproj", "{0F48B620-A6FD-4660-B965-550774F4B9F7}"
EndProject
Project("{2150E333-8FDC-42A3-9474-1A3956D46DE8}") = "Core", "Core", "{4C2DCD7F-D256-4A33-8FF5-8BE84D2C299E}"
EndProject
Project("{FAE04EC0-301F-11D3-BF4B-00C04F79EFBC}") = "Application", "Application\Application.csproj", "{D24D47B1-F7BF-4C34-8922-279C72428BA1}"
EndProject
Project("{2150E333-8FDC-42A3-9474-1A3956D46DE8}") = "Tests", "Tests", "{628C2647-5E90-456A-8265-8EF3617286B0}"
EndProject
Project("{FAE04EC0-301F-11D3-BF4B-00C04F79EFBC}") = "AttackTest", "AttackTest\AttackTest.csproj", "{44215899-D0C2-4F71-A618-834A4C7E0A8D}"
EndProject
Global
	GlobalSection(SolutionConfigurationPlatforms) = preSolution
		Debug|Any CPU = Debug|Any CPU
		Release|Any CPU = Release|Any CPU
	EndGlobalSection
	GlobalSection(ProjectConfigurationPlatforms) = postSolution
		{170A5A39-EE55-463B-9587-281DC05DA61E}.Debug|Any CPU.ActiveCfg = Debug|Any CPU
		{170A5A39-EE55-463B-9587-281DC05DA61E}.Debug|Any CPU.Build.0 = Debug|Any CPU
		{170A5A39-EE55-463B-9587-281DC05DA61E}.Release|Any CPU.ActiveCfg = Release|Any CPU
		{170A5A39-EE55-463B-9587-281DC05DA61E}.Release|Any CPU.Build.0 = Release|Any CPU
		{B7ACAB26-3A1A-43BF-A190-6A8A53DCF9E8}.Debug|Any CPU.ActiveCfg = Debug|Any CPU
		{B7ACAB26-3A1A-43BF-A190-6A8A53DCF9E8}.Debug|Any CPU.Build.0 = Debug|Any CPU
		{B7ACAB26-3A1A-43BF-A190-6A8A53DCF9E8}.Release|Any CPU.ActiveCfg = Release|Any CPU
		{B7ACAB26-3A1A-43BF-A190-6A8A53DCF9E8}.Release|Any CPU.Build.0 = Release|Any CPU
		{C6D65CB5-82F1-4BFA-95E1-A9DC562DE5F5}.Debug|Any CPU.ActiveCfg = Debug|Any CPU
		{C6D65CB5-82F1-4BFA-95E1-A9DC562DE5F5}.Debug|Any CPU.Build.0 = Debug|Any CPU
		{C6D65CB5-82F1-4BFA-95E1-A9DC562DE5F5}.Release|Any CPU.ActiveCfg = Release|Any CPU
		{C6D65CB5-82F1-4BFA-95E1-A9DC562DE5F5}.Release|Any CPU.Build.0 = Release|Any CPU
		{97180B56-FA0C-43E1-9C47-45C1886968ED}.Debug|Any CPU.ActiveCfg = Debug|Any CPU
		{97180B56-FA0C-43E1-9C47-45C1886968ED}.Debug|Any CPU.Build.0 = Debug|Any CPU
		{97180B56-FA0C-43E1-9C47-45C1886968ED}.Release|Any CPU.ActiveCfg = Release|Any CPU
		{97180B56-FA0C-43E1-9C47-45C1886968ED}.Release|Any CPU.Build.0 = Release|Any CPU
		{AB80CA9C-D62B-4560-AFCA-0BC29BD0DB45}.Debug|Any CPU.ActiveCfg = Debug|Any CPU
		{AB80CA9C-D62B-4560-AFCA-0BC29BD0DB45}.Debug|Any CPU.Build.0 = Debug|Any CPU
		{AB80CA9C-D62B-4560-AFCA-0BC29BD0DB45}.Release|Any CPU.ActiveCfg = Release|Any CPU
		{AB80CA9C-D62B-4560-AFCA-0BC29BD0DB45}.Release|Any CPU.Build.0 = Release|Any CPU
		{BF85F5ED-4B3A-4D6C-9E70-0AAD42B8CDE0}.Debug|Any CPU.ActiveCfg = Debug|Any CPU
		{BF85F5ED-4B3A-4D6C-9E70-0AAD42B8CDE0}.Debug|Any CPU.Build.0 = Debug|Any CPU
		{BF85F5ED-4B3A-4D6C-9E70-0AAD42B8CDE0}.Release|Any CPU.ActiveCfg = Release|Any CPU
		{BF85F5ED-4B3A-4D6C-9E70-0AAD42B8CDE0}.Release|Any CPU.Build.0 = Release|Any CPU
		{0F48B620-A6FD-4660-B965-550774F4B9F7}.Debug|Any CPU.ActiveCfg = Debug|Any CPU
		{0F48B620-A6FD-4660-B965-550774F4B9F7}.Debug|Any CPU.Build.0 = Debug|Any CPU
		{0F48B620-A6FD-4660-B965-550774F4B9F7}.Release|Any CPU.ActiveCfg = Release|Any CPU
		{0F48B620-A6FD-4660-B965-550774F4B9F7}.Release|Any CPU.Build.0 = Release|Any CPU
		{D24D47B1-F7BF-4C34-8922-279C72428BA1}.Debug|Any CPU.ActiveCfg = Debug|Any CPU
		{D24D47B1-F7BF-4C34-8922-279C72428BA1}.Debug|Any CPU.Build.0 = Debug|Any CPU
		{D24D47B1-F7BF-4C34-8922-279C72428BA1}.Release|Any CPU.ActiveCfg = Release|Any CPU
		{D24D47B1-F7BF-4C34-8922-279C72428BA1}.Release|Any CPU.Build.0 = Release|Any CPU
		{44215899-D0C2-4F71-A618-834A4C7E0A8D}.Debug|Any CPU.ActiveCfg = Debug|Any CPU
		{44215899-D0C2-4F71-A618-834A4C7E0A8D}.Debug|Any CPU.Build.0 = Debug|Any CPU
		{44215899-D0C2-4F71-A618-834A4C7E0A8D}.Release|Any CPU.ActiveCfg = Release|Any CPU
		{44215899-D0C2-4F71-A618-834A4C7E0A8D}.Release|Any CPU.Build.0 = Release|Any CPU
	EndGlobalSection
	GlobalSection(SolutionProperties) = preSolution
		HideSolutionNode = FALSE
	EndGlobalSection
	GlobalSection(NestedProjects) = preSolution
		{8C3E893F-C194-41DB-953D-5D70131084CE} = {59E3A219-C8B1-496D-B58D-CF5A0DA144A8}
		{170A5A39-EE55-463B-9587-281DC05DA61E} = {8C3E893F-C194-41DB-953D-5D70131084CE}
		{B7ACAB26-3A1A-43BF-A190-6A8A53DCF9E8} = {8C3E893F-C194-41DB-953D-5D70131084CE}
		{0D4B0829-9B8F-4572-BCA6-926595F75B95} = {59E3A219-C8B1-496D-B58D-CF5A0DA144A8}
		{C6D65CB5-82F1-4BFA-95E1-A9DC562DE5F5} = {0D4B0829-9B8F-4572-BCA6-926595F75B95}
		{97180B56-FA0C-43E1-9C47-45C1886968ED} = {0D4B0829-9B8F-4572-BCA6-926595F75B95}
		{AB80CA9C-D62B-4560-AFCA-0BC29BD0DB45} = {9C946D3D-2B2D-49F0-8B95-B56CFEE3AD67}
		{BF85F5ED-4B3A-4D6C-9E70-0AAD42B8CDE0} = {0D4B0829-9B8F-4572-BCA6-926595F75B95}
		{0F48B620-A6FD-4660-B965-550774F4B9F7} = {A0090D77-435B-4D49-A950-CBF323F4CB6C}
		{4C2DCD7F-D256-4A33-8FF5-8BE84D2C299E} = {59E3A219-C8B1-496D-B58D-CF5A0DA144A8}
		{D24D47B1-F7BF-4C34-8922-279C72428BA1} = {4C2DCD7F-D256-4A33-8FF5-8BE84D2C299E}
		{44215899-D0C2-4F71-A618-834A4C7E0A8D} = {628C2647-5E90-456A-8265-8EF3617286B0}
	EndGlobalSection
	GlobalSection(ExtensibilityGlobals) = postSolution
		SolutionGuid = {F2A23E8C-CD0E-4D0E-BE01-5AB4365D0405}
	EndGlobalSection
EndGlobal
